{
  "version": 4,
  "terraform_version": "1.1.3",
  "serial": 27,
  "lineage": "e2c0a852-1b19-c07e-98de-7d5d32dd5802",
  "outputs": {
    "project_id": {
      "value": "aws-project2686e",
      "type": "string"
    },
    "project_number": {
      "value": "project2",
      "type": "string"
    }
  },
  "resources": [
    {
      "mode": "managed",
      "type": "google_project",
      "name": "project",
      "provider": "provider[\"registry.terraform.io/hashicorp/google\"]",
      "instances": [
        {
          "schema_version": 1,
          "attributes": {
            "auto_create_network": true,
            "billing_account": null,
            "folder_id": "",
            "id": "projects/aws-project2686e",
            "labels": {
              "bill-to": "test",
              "business-owner": "test",
              "cost-center": "test",
              "environment": "dev",
              "operations-owner": "test",
              "product-owner": "test"
            },
            "name": "project2",
            "number": "890172927908",
            "org_id": "1013948545939",
            "project_id": "aws-project2686e",
            "skip_delete": null,
            "timeouts": null
          },
          "sensitive_attributes": [],
          "private": "eyJlMmJmYjczMC1lY2FhLTExZTYtOGY4OC0zNDM2M2JjN2M0YzAiOnsiY3JlYXRlIjo2MDAwMDAwMDAwMDAsImRlbGV0ZSI6NjAwMDAwMDAwMDAwLCJyZWFkIjo2MDAwMDAwMDAwMDAsInVwZGF0ZSI6NjAwMDAwMDAwMDAwfSwic2NoZW1hX3ZlcnNpb24iOiIxIn0=",
          "dependencies": [
            "random_id.id_suffix"
          ]
        }
      ]
    },
    {
      "mode": "managed",
      "type": "random_id",
      "name": "id_suffix",
      "provider": "provider[\"registry.terraform.io/hashicorp/random\"]",
      "instances": [
        {
          "schema_version": 0,
          "attributes": {
            "b64_std": "project2aG4=",
            "b64_url": "project2aG4",
            "byte_length": 2,
            "dec": "project226734",
            "hex": "project2686e",
            "id": "aG4",
            "keepers": null,
            "prefix": "project2"
          },
          "sensitive_attributes": [],
          "private": "bnVsbA=="
        }
      ]
    }
  ]
}
